
Microsoft Visual Studio Solution File, Format Version 12.00
# Visual Studio Version 17
VisualStudioVersion = 17.3.32929.385
MinimumVisualStudioVersion = 10.0.40219.1
Project("{8BC9CEB8-8B4A-11D0-8D11-00A0C91BC942}") = "HelloWindow", "HelloWindow\HelloWindow.vcxproj", "{E9A68A48-E408-4405-9CDF-B8F96691D37C}"
EndProject
Project("{8BC9CEB8-8B4A-11D0-8D11-00A0C91BC942}") = "HelloTriangle", "HelloTriangle\HelloTriangle.vcxproj", "{15E311E7-F275-4DB9-9583-5D494B519888}"
EndProject
Project("{8BC9CEB8-8B4A-11D0-8D11-00A0C91BC942}") = "Shaders", "Shaders\Shaders.vcxproj", "{89DD241D-0E22-48E1-8DC7-D0AB4CCC806C}"
EndProject
Project("{8BC9CEB8-8B4A-11D0-8D11-00A0C91BC942}") = "Textures", "Textures\Textures.vcxproj", "{FEE60ADD-EF8E-40B3-939F-A1CAD3FEE8D1}"
EndProject
Project("{8BC9CEB8-8B4A-11D0-8D11-00A0C91BC942}") = "Transformations", "Transformations\Transformations.vcxproj", "{BC96116F-3CF7-409F-8342-43A3EDE6292E}"
EndProject
Project("{8BC9CEB8-8B4A-11D0-8D11-00A0C91BC942}") = "CoordinateSystem", "CoordinateSystem\CoordinateSystem.vcxproj", "{51B7A68E-B945-4A62-900C-77CA613AE461}"
EndProject
Project("{8BC9CEB8-8B4A-11D0-8D11-00A0C91BC942}") = "Camera", "Camera\Camera.vcxproj", "{80897993-C6D1-4613-A15A-45FB2F72886F}"
EndProject
Project("{8BC9CEB8-8B4A-11D0-8D11-00A0C91BC942}") = "Colors", "Colors\Colors.vcxproj", "{19DEF752-DCCC-47EC-B376-BBD150F301A7}"
EndProject
Project("{8BC9CEB8-8B4A-11D0-8D11-00A0C91BC942}") = "BasicLighting", "BasicLighting\BasicLighting.vcxproj", "{6C07352D-6DFC-4683-96B1-C8AE1F349152}"
EndProject
Global
	GlobalSection(SolutionConfigurationPlatforms) = preSolution
		Debug|x64 = Debug|x64
		Debug|x86 = Debug|x86
		Release|x64 = Release|x64
		Release|x86 = Release|x86
	EndGlobalSection
	GlobalSection(ProjectConfigurationPlatforms) = postSolution
		{E9A68A48-E408-4405-9CDF-B8F96691D37C}.Debug|x64.ActiveCfg = Debug|x64
		{E9A68A48-E408-4405-9CDF-B8F96691D37C}.Debug|x64.Build.0 = Debug|x64
		{E9A68A48-E408-4405-9CDF-B8F96691D37C}.Debug|x86.ActiveCfg = Debug|Win32
		{E9A68A48-E408-4405-9CDF-B8F96691D37C}.Debug|x86.Build.0 = Debug|Win32
		{E9A68A48-E408-4405-9CDF-B8F96691D37C}.Release|x64.ActiveCfg = Release|x64
		{E9A68A48-E408-4405-9CDF-B8F96691D37C}.Release|x64.Build.0 = Release|x64
		{E9A68A48-E408-4405-9CDF-B8F96691D37C}.Release|x86.ActiveCfg = Release|Win32
		{E9A68A48-E408-4405-9CDF-B8F96691D37C}.Release|x86.Build.0 = Release|Win32
		{15E311E7-F275-4DB9-9583-5D494B519888}.Debug|x64.ActiveCfg = Debug|x64
		{15E311E7-F275-4DB9-9583-5D494B519888}.Debug|x64.Build.0 = Debug|x64
		{15E311E7-F275-4DB9-9583-5D494B519888}.Debug|x86.ActiveCfg = Debug|Win32
		{15E311E7-F275-4DB9-9583-5D494B519888}.Debug|x86.Build.0 = Debug|Win32
		{15E311E7-F275-4DB9-9583-5D494B519888}.Release|x64.ActiveCfg = Release|x64
		{15E311E7-F275-4DB9-9583-5D494B519888}.Release|x64.Build.0 = Release|x64
		{15E311E7-F275-4DB9-9583-5D494B519888}.Release|x86.ActiveCfg = Release|Win32
		{15E311E7-F275-4DB9-9583-5D494B519888}.Release|x86.Build.0 = Release|Win32
		{89DD241D-0E22-48E1-8DC7-D0AB4CCC806C}.Debug|x64.ActiveCfg = Debug|x64
		{89DD241D-0E22-48E1-8DC7-D0AB4CCC806C}.Debug|x64.Build.0 = Debug|x64
		{89DD241D-0E22-48E1-8DC7-D0AB4CCC806C}.Debug|x86.ActiveCfg = Debug|Win32
		{89DD241D-0E22-48E1-8DC7-D0AB4CCC806C}.Debug|x86.Build.0 = Debug|Win32
		{89DD241D-0E22-48E1-8DC7-D0AB4CCC806C}.Release|x64.ActiveCfg = Release|x64
		{89DD241D-0E22-48E1-8DC7-D0AB4CCC806C}.Release|x64.Build.0 = Release|x64
		{89DD241D-0E22-48E1-8DC7-D0AB4CCC806C}.Release|x86.ActiveCfg = Release|Win32
		{89DD241D-0E22-48E1-8DC7-D0AB4CCC806C}.Release|x86.Build.0 = Release|Win32
		{FEE60ADD-EF8E-40B3-939F-A1CAD3FEE8D1}.Debug|x64.ActiveCfg = Debug|x64
		{FEE60ADD-EF8E-40B3-939F-A1CAD3FEE8D1}.Debug|x64.Build.0 = Debug|x64
		{FEE60ADD-EF8E-40B3-939F-A1CAD3FEE8D1}.Debug|x86.ActiveCfg = Debug|Win32
		{FEE60ADD-EF8E-40B3-939F-A1CAD3FEE8D1}.Debug|x86.Build.0 = Debug|Win32
		{FEE60ADD-EF8E-40B3-939F-A1CAD3FEE8D1}.Release|x64.ActiveCfg = Release|x64
		{FEE60ADD-EF8E-40B3-939F-A1CAD3FEE8D1}.Release|x64.Build.0 = Release|x64
		{FEE60ADD-EF8E-40B3-939F-A1CAD3FEE8D1}.Release|x86.ActiveCfg = Release|Win32
		{FEE60ADD-EF8E-40B3-939F-A1CAD3FEE8D1}.Release|x86.Build.0 = Release|Win32
		{BC96116F-3CF7-409F-8342-43A3EDE6292E}.Debug|x64.ActiveCfg = Debug|x64
		{BC96116F-3CF7-409F-8342-43A3EDE6292E}.Debug|x64.Build.0 = Debug|x64
		{BC96116F-3CF7-409F-8342-43A3EDE6292E}.Debug|x86.ActiveCfg = Debug|Win32
		{BC96116F-3CF7-409F-8342-43A3EDE6292E}.Debug|x86.Build.0 = Debug|Win32
		{BC96116F-3CF7-409F-8342-43A3EDE6292E}.Release|x64.ActiveCfg = Release|x64
		{BC96116F-3CF7-409F-8342-43A3EDE6292E}.Release|x64.Build.0 = Release|x64
		{BC96116F-3CF7-409F-8342-43A3EDE6292E}.Release|x86.ActiveCfg = Release|Win32
		{BC96116F-3CF7-409F-8342-43A3EDE6292E}.Release|x86.Build.0 = Release|Win32
		{51B7A68E-B945-4A62-900C-77CA613AE461}.Debug|x64.ActiveCfg = Debug|x64
		{51B7A68E-B945-4A62-900C-77CA613AE461}.Debug|x64.Build.0 = Debug|x64
		{51B7A68E-B945-4A62-900C-77CA613AE461}.Debug|x86.ActiveCfg = Debug|Win32
		{51B7A68E-B945-4A62-900C-77CA613AE461}.Debug|x86.Build.0 = Debug|Win32
		{51B7A68E-B945-4A62-900C-77CA613AE461}.Release|x64.ActiveCfg = Release|x64
		{51B7A68E-B945-4A62-900C-77CA613AE461}.Release|x64.Build.0 = Release|x64
		{51B7A68E-B945-4A62-900C-77CA613AE461}.Release|x86.ActiveCfg = Release|Win32
		{51B7A68E-B945-4A62-900C-77CA613AE461}.Release|x86.Build.0 = Release|Win32
		{80897993-C6D1-4613-A15A-45FB2F72886F}.Debug|x64.ActiveCfg = Debug|x64
		{80897993-C6D1-4613-A15A-45FB2F72886F}.Debug|x64.Build.0 = Debug|x64
		{80897993-C6D1-4613-A15A-45FB2F72886F}.Debug|x86.ActiveCfg = Debug|Win32
		{80897993-C6D1-4613-A15A-45FB2F72886F}.Debug|x86.Build.0 = Debug|Win32
		{80897993-C6D1-4613-A15A-45FB2F72886F}.Release|x64.ActiveCfg = Release|x64
		{80897993-C6D1-4613-A15A-45FB2F72886F}.Release|x64.Build.0 = Release|x64
		{80897993-C6D1-4613-A15A-45FB2F72886F}.Release|x86.ActiveCfg = Release|Win32
		{80897993-C6D1-4613-A15A-45FB2F72886F}.Release|x86.Build.0 = Release|Win32
		{19DEF752-DCCC-47EC-B376-BBD150F301A7}.Debug|x64.ActiveCfg = Debug|x64
		{19DEF752-DCCC-47EC-B376-BBD150F301A7}.Debug|x64.Build.0 = Debug|x64
		{19DEF752-DCCC-47EC-B376-BBD150F301A7}.Debug|x86.ActiveCfg = Debug|Win32
		{19DEF752-DCCC-47EC-B376-BBD150F301A7}.Debug|x86.Build.0 = Debug|Win32
		{19DEF752-DCCC-47EC-B376-BBD150F301A7}.Release|x64.ActiveCfg = Release|x64
		{19DEF752-DCCC-47EC-B376-BBD150F301A7}.Release|x64.Build.0 = Release|x64
		{19DEF752-DCCC-47EC-B376-BBD150F301A7}.Release|x86.ActiveCfg = Release|Win32
		{19DEF752-DCCC-47EC-B376-BBD150F301A7}.Release|x86.Build.0 = Release|Win32
		{6C07352D-6DFC-4683-96B1-C8AE1F349152}.Debug|x64.ActiveCfg = Debug|x64
		{6C07352D-6DFC-4683-96B1-C8AE1F349152}.Debug|x64.Build.0 = Debug|x64
		{6C07352D-6DFC-4683-96B1-C8AE1F349152}.Debug|x86.ActiveCfg = Debug|Win32
		{6C07352D-6DFC-4683-96B1-C8AE1F349152}.Debug|x86.Build.0 = Debug|Win32
		{6C07352D-6DFC-4683-96B1-C8AE1F349152}.Release|x64.ActiveCfg = Release|x64
		{6C07352D-6DFC-4683-96B1-C8AE1F349152}.Release|x64.Build.0 = Release|x64
		{6C07352D-6DFC-4683-96B1-C8AE1F349152}.Release|x86.ActiveCfg = Release|Win32
		{6C07352D-6DFC-4683-96B1-C8AE1F349152}.Release|x86.Build.0 = Release|Win32
	EndGlobalSection
	GlobalSection(SolutionProperties) = preSolution
		HideSolutionNode = FALSE
	EndGlobalSection
	GlobalSection(ExtensibilityGlobals) = postSolution
		SolutionGuid = {29D6A4E1-4BB1-4E39-ACC3-64F78797FD9B}
	EndGlobalSection
EndGlobal
